
Microsoft Visual Studio Solution File, Format Version 12.00
# Visual Studio Version 17
VisualStudioVersion = 17.4.33213.308
MinimumVisualStudioVersion = 10.0.40219.1
Project("{FAE04EC0-301F-11D3-BF4B-00C04F79EFBC}") = "Week6StringsAndArrays", "Week6StringsAndArrays\Week6StringsAndArrays.csproj", "{35B46E5E-1A44-4F36-A956-FE6257305695}"
EndProject
Project("{FAE04EC0-301F-11D3-BF4B-00C04F79EFBC}") = "Arrays", "Arrays\Arrays.csproj", "{EDB34D1A-57F2-4CFA-A3B6-A5FC07DDBF39}"
EndProject
Project("{FAE04EC0-301F-11D3-BF4B-00C04F79EFBC}") = "NumberArray", "NumberArray\NumberArray.csproj", "{E5E264B9-89F1-4BEC-815D-7FF1E3331B74}"
EndProject
Project("{FAE04EC0-301F-11D3-BF4B-00C04F79EFBC}") = "RandomElement", "RandomElement\RandomElement.csproj", "{A9C56D97-F8EB-405B-B749-3748AAE142B2}"
EndProject
Global
	GlobalSection(SolutionConfigurationPlatforms) = preSolution
		Debug|Any CPU = Debug|Any CPU
		Release|Any CPU = Release|Any CPU
	EndGlobalSection
	GlobalSection(ProjectConfigurationPlatforms) = postSolution
		{35B46E5E-1A44-4F36-A956-FE6257305695}.Debug|Any CPU.ActiveCfg = Debug|Any CPU
		{35B46E5E-1A44-4F36-A956-FE6257305695}.Debug|Any CPU.Build.0 = Debug|Any CPU
		{35B46E5E-1A44-4F36-A956-FE6257305695}.Release|Any CPU.ActiveCfg = Release|Any CPU
		{35B46E5E-1A44-4F36-A956-FE6257305695}.Release|Any CPU.Build.0 = Release|Any CPU
		{EDB34D1A-57F2-4CFA-A3B6-A5FC07DDBF39}.Debug|Any CPU.ActiveCfg = Debug|Any CPU
		{EDB34D1A-57F2-4CFA-A3B6-A5FC07DDBF39}.Debug|Any CPU.Build.0 = Debug|Any CPU
		{EDB34D1A-57F2-4CFA-A3B6-A5FC07DDBF39}.Release|Any CPU.ActiveCfg = Release|Any CPU
		{EDB34D1A-57F2-4CFA-A3B6-A5FC07DDBF39}.Release|Any CPU.Build.0 = Release|Any CPU
		{E5E264B9-89F1-4BEC-815D-7FF1E3331B74}.Debug|Any CPU.ActiveCfg = Debug|Any CPU
		{E5E264B9-89F1-4BEC-815D-7FF1E3331B74}.Debug|Any CPU.Build.0 = Debug|Any CPU
		{E5E264B9-89F1-4BEC-815D-7FF1E3331B74}.Release|Any CPU.ActiveCfg = Release|Any CPU
		{E5E264B9-89F1-4BEC-815D-7FF1E3331B74}.Release|Any CPU.Build.0 = Release|Any CPU
		{A9C56D97-F8EB-405B-B749-3748AAE142B2}.Debug|Any CPU.ActiveCfg = Debug|Any CPU
		{A9C56D97-F8EB-405B-B749-3748AAE142B2}.Debug|Any CPU.Build.0 = Debug|Any CPU
		{A9C56D97-F8EB-405B-B749-3748AAE142B2}.Release|Any CPU.ActiveCfg = Release|Any CPU
		{A9C56D97-F8EB-405B-B749-3748AAE142B2}.Release|Any CPU.Build.0 = Release|Any CPU
	EndGlobalSection
	GlobalSection(SolutionProperties) = preSolution
		HideSolutionNode = FALSE
	EndGlobalSection
	GlobalSection(ExtensibilityGlobals) = postSolution
		SolutionGuid = {A132BB0F-C983-49E4-8506-F68FD45B7567}
	EndGlobalSection
EndGlobal
